
Microsoft Visual Studio Solution File, Format Version 12.00
# Visual Studio Version 16
VisualStudioVersion = 16.0.31424.327
MinimumVisualStudioVersion = 10.0.40219.1
Project("{FAE04EC0-301F-11D3-BF4B-00C04F79EFBC}") = "DiscordL", "DeepS\DiscordL.csproj", "{A64500E7-78BF-4F32-816B-C0A9EBBFDF9A}"
EndProject
Global
	GlobalSection(SolutionConfigurationPlatforms) = preSolution
		Debug|Any CPU = Debug|Any CPU
		Release|Any CPU = Release|Any CPU
	EndGlobalSection
	GlobalSection(ProjectConfigurationPlatforms) = postSolution
		{A64500E7-78BF-4F32-816B-C0A9EBBFDF9A}.Debug|Any CPU.ActiveCfg = Debug|Any CPU
		{A64500E7-78BF-4F32-816B-C0A9EBBFDF9A}.Debug|Any CPU.Build.0 = Debug|Any CPU
		{A64500E7-78BF-4F32-816B-C0A9EBBFDF9A}.Release|Any CPU.ActiveCfg = Release|Any CPU
		{A64500E7-78BF-4F32-816B-C0A9EBBFDF9A}.Release|Any CPU.Build.0 = Release|Any CPU
	EndGlobalSection
	GlobalSection(SolutionProperties) = preSolution
		HideSolutionNode = FALSE
	EndGlobalSection
	GlobalSection(ExtensibilityGlobals) = postSolution
		SolutionGuid = {6C837491-948B-43AD-872D-1B61A3A5769E}
	EndGlobalSection
EndGlobal
